
Microsoft Visual Studio Solution File, Format Version 12.00
# Visual Studio Version 17
VisualStudioVersion = 17.4.33205.214
MinimumVisualStudioVersion = 10.0.40219.1
Project("{FAE04EC0-301F-11D3-BF4B-00C04F79EFBC}") = "DigitalСompetencies1", "DigitalСompetencies1.csproj", "{C637DE97-34AC-4519-827A-047480CAE428}"
EndProject
Global
	GlobalSection(SolutionConfigurationPlatforms) = preSolution
		Debug|Any CPU = Debug|Any CPU
		Release|Any CPU = Release|Any CPU
	EndGlobalSection
	GlobalSection(ProjectConfigurationPlatforms) = postSolution
		{C637DE97-34AC-4519-827A-047480CAE428}.Debug|Any CPU.ActiveCfg = Debug|Any CPU
		{C637DE97-34AC-4519-827A-047480CAE428}.Debug|Any CPU.Build.0 = Debug|Any CPU
		{C637DE97-34AC-4519-827A-047480CAE428}.Release|Any CPU.ActiveCfg = Release|Any CPU
		{C637DE97-34AC-4519-827A-047480CAE428}.Release|Any CPU.Build.0 = Release|Any CPU
	EndGlobalSection
	GlobalSection(SolutionProperties) = preSolution
		HideSolutionNode = FALSE
	EndGlobalSection
	GlobalSection(ExtensibilityGlobals) = postSolution
		SolutionGuid = {CDE7CE4D-B600-4504-8BF4-BFAFC5B50240}
	EndGlobalSection
EndGlobal
